
Microsoft Visual Studio Solution File, Format Version 12.00
# Visual Studio 15
VisualStudioVersion = 15.0.27703.2047
MinimumVisualStudioVersion = 10.0.40219.1
Project("{FAE04EC0-301F-11D3-BF4B-00C04F79EFBC}") = "IAproject", "IAproject\IAproject.csproj", "{299A0D66-602D-4CF7-B8C7-0679EB08E305}"
EndProject
Global
	GlobalSection(SolutionConfigurationPlatforms) = preSolution
		Debug|Any CPU = Debug|Any CPU
		Release|Any CPU = Release|Any CPU
	EndGlobalSection
	GlobalSection(ProjectConfigurationPlatforms) = postSolution
		{299A0D66-602D-4CF7-B8C7-0679EB08E305}.Debug|Any CPU.ActiveCfg = Debug|Any CPU
		{299A0D66-602D-4CF7-B8C7-0679EB08E305}.Debug|Any CPU.Build.0 = Debug|Any CPU
		{299A0D66-602D-4CF7-B8C7-0679EB08E305}.Release|Any CPU.ActiveCfg = Release|Any CPU
		{299A0D66-602D-4CF7-B8C7-0679EB08E305}.Release|Any CPU.Build.0 = Release|Any CPU
	EndGlobalSection
	GlobalSection(SolutionProperties) = preSolution
		HideSolutionNode = FALSE
	EndGlobalSection
	GlobalSection(ExtensibilityGlobals) = postSolution
		SolutionGuid = {F336F3B7-FFF7-4292-992A-9980CB8DAB5A}
	EndGlobalSection
EndGlobal
